
Microsoft Visual Studio Solution File, Format Version 12.00
# Visual Studio 15
VisualStudioVersion = 15.0.27703.2042
MinimumVisualStudioVersion = 10.0.40219.1
Project("{9A19103F-16F7-4668-BE54-9A1E7A4F7556}") = "APIUniTranslate", "APIUniTranslate\APIUniTranslate.csproj", "{1CCB09B9-88C3-47FB-BB4E-8DE3C0D58C0B}"
EndProject
Project("{9A19103F-16F7-4668-BE54-9A1E7A4F7556}") = "APIGoogle", "APIGoogle\APIGoogle.csproj", "{E45CC1D8-9375-42DB-A17F-3278865C9969}"
EndProject
Project("{9A19103F-16F7-4668-BE54-9A1E7A4F7556}") = "UI_UniTranslate", "UI_UniTranslate\UI_UniTranslate.csproj", "{AD5A8439-CDE2-4736-970C-261CA3DE9145}"
EndProject
Global
	GlobalSection(SolutionConfigurationPlatforms) = preSolution
		Debug|Any CPU = Debug|Any CPU
		Debug|ARM = Debug|ARM
		Debug|x64 = Debug|x64
		Debug|x86 = Debug|x86
		Release|Any CPU = Release|Any CPU
		Release|ARM = Release|ARM
		Release|x64 = Release|x64
		Release|x86 = Release|x86
	EndGlobalSection
	GlobalSection(ProjectConfigurationPlatforms) = postSolution
		{1CCB09B9-88C3-47FB-BB4E-8DE3C0D58C0B}.Debug|Any CPU.ActiveCfg = Debug|Any CPU
		{1CCB09B9-88C3-47FB-BB4E-8DE3C0D58C0B}.Debug|Any CPU.Build.0 = Debug|Any CPU
		{1CCB09B9-88C3-47FB-BB4E-8DE3C0D58C0B}.Debug|ARM.ActiveCfg = Debug|Any CPU
		{1CCB09B9-88C3-47FB-BB4E-8DE3C0D58C0B}.Debug|ARM.Build.0 = Debug|Any CPU
		{1CCB09B9-88C3-47FB-BB4E-8DE3C0D58C0B}.Debug|x64.ActiveCfg = Debug|Any CPU
		{1CCB09B9-88C3-47FB-BB4E-8DE3C0D58C0B}.Debug|x64.Build.0 = Debug|Any CPU
		{1CCB09B9-88C3-47FB-BB4E-8DE3C0D58C0B}.Debug|x86.ActiveCfg = Debug|Any CPU
		{1CCB09B9-88C3-47FB-BB4E-8DE3C0D58C0B}.Debug|x86.Build.0 = Debug|Any CPU
		{1CCB09B9-88C3-47FB-BB4E-8DE3C0D58C0B}.Release|Any CPU.ActiveCfg = Release|Any CPU
		{1CCB09B9-88C3-47FB-BB4E-8DE3C0D58C0B}.Release|Any CPU.Build.0 = Release|Any CPU
		{1CCB09B9-88C3-47FB-BB4E-8DE3C0D58C0B}.Release|ARM.ActiveCfg = Release|Any CPU
		{1CCB09B9-88C3-47FB-BB4E-8DE3C0D58C0B}.Release|ARM.Build.0 = Release|Any CPU
		{1CCB09B9-88C3-47FB-BB4E-8DE3C0D58C0B}.Release|x64.ActiveCfg = Release|Any CPU
		{1CCB09B9-88C3-47FB-BB4E-8DE3C0D58C0B}.Release|x64.Build.0 = Release|Any CPU
		{1CCB09B9-88C3-47FB-BB4E-8DE3C0D58C0B}.Release|x86.ActiveCfg = Release|Any CPU
		{1CCB09B9-88C3-47FB-BB4E-8DE3C0D58C0B}.Release|x86.Build.0 = Release|Any CPU
		{E45CC1D8-9375-42DB-A17F-3278865C9969}.Debug|Any CPU.ActiveCfg = Debug|Any CPU
		{E45CC1D8-9375-42DB-A17F-3278865C9969}.Debug|Any CPU.Build.0 = Debug|Any CPU
		{E45CC1D8-9375-42DB-A17F-3278865C9969}.Debug|ARM.ActiveCfg = Debug|Any CPU
		{E45CC1D8-9375-42DB-A17F-3278865C9969}.Debug|ARM.Build.0 = Debug|Any CPU
		{E45CC1D8-9375-42DB-A17F-3278865C9969}.Debug|x64.ActiveCfg = Debug|Any CPU
		{E45CC1D8-9375-42DB-A17F-3278865C9969}.Debug|x64.Build.0 = Debug|Any CPU
		{E45CC1D8-9375-42DB-A17F-3278865C9969}.Debug|x86.ActiveCfg = Debug|Any CPU
		{E45CC1D8-9375-42DB-A17F-3278865C9969}.Debug|x86.Build.0 = Debug|Any CPU
		{E45CC1D8-9375-42DB-A17F-3278865C9969}.Release|Any CPU.ActiveCfg = Release|Any CPU
		{E45CC1D8-9375-42DB-A17F-3278865C9969}.Release|Any CPU.Build.0 = Release|Any CPU
		{E45CC1D8-9375-42DB-A17F-3278865C9969}.Release|ARM.ActiveCfg = Release|Any CPU
		{E45CC1D8-9375-42DB-A17F-3278865C9969}.Release|ARM.Build.0 = Release|Any CPU
		{E45CC1D8-9375-42DB-A17F-3278865C9969}.Release|x64.ActiveCfg = Release|Any CPU
		{E45CC1D8-9375-42DB-A17F-3278865C9969}.Release|x64.Build.0 = Release|Any CPU
		{E45CC1D8-9375-42DB-A17F-3278865C9969}.Release|x86.ActiveCfg = Release|Any CPU
		{E45CC1D8-9375-42DB-A17F-3278865C9969}.Release|x86.Build.0 = Release|Any CPU
		{AD5A8439-CDE2-4736-970C-261CA3DE9145}.Debug|Any CPU.ActiveCfg = Debug|Any CPU
		{AD5A8439-CDE2-4736-970C-261CA3DE9145}.Debug|Any CPU.Build.0 = Debug|Any CPU
		{AD5A8439-CDE2-4736-970C-261CA3DE9145}.Debug|ARM.ActiveCfg = Debug|Any CPU
		{AD5A8439-CDE2-4736-970C-261CA3DE9145}.Debug|ARM.Build.0 = Debug|Any CPU
		{AD5A8439-CDE2-4736-970C-261CA3DE9145}.Debug|x64.ActiveCfg = Debug|Any CPU
		{AD5A8439-CDE2-4736-970C-261CA3DE9145}.Debug|x64.Build.0 = Debug|Any CPU
		{AD5A8439-CDE2-4736-970C-261CA3DE9145}.Debug|x86.ActiveCfg = Debug|Any CPU
		{AD5A8439-CDE2-4736-970C-261CA3DE9145}.Debug|x86.Build.0 = Debug|Any CPU
		{AD5A8439-CDE2-4736-970C-261CA3DE9145}.Release|Any CPU.ActiveCfg = Release|Any CPU
		{AD5A8439-CDE2-4736-970C-261CA3DE9145}.Release|Any CPU.Build.0 = Release|Any CPU
		{AD5A8439-CDE2-4736-970C-261CA3DE9145}.Release|ARM.ActiveCfg = Release|Any CPU
		{AD5A8439-CDE2-4736-970C-261CA3DE9145}.Release|ARM.Build.0 = Release|Any CPU
		{AD5A8439-CDE2-4736-970C-261CA3DE9145}.Release|x64.ActiveCfg = Release|Any CPU
		{AD5A8439-CDE2-4736-970C-261CA3DE9145}.Release|x64.Build.0 = Release|Any CPU
		{AD5A8439-CDE2-4736-970C-261CA3DE9145}.Release|x86.ActiveCfg = Release|Any CPU
		{AD5A8439-CDE2-4736-970C-261CA3DE9145}.Release|x86.Build.0 = Release|Any CPU
	EndGlobalSection
	GlobalSection(SolutionProperties) = preSolution
		HideSolutionNode = FALSE
	EndGlobalSection
	GlobalSection(ExtensibilityGlobals) = postSolution
		SolutionGuid = {C25E20C0-B73E-4633-945C-E55097F6BB71}
	EndGlobalSection
EndGlobal
